
Microsoft Visual Studio Solution File, Format Version 12.00
# Visual Studio 14
VisualStudioVersion = 14.0.25420.1
MinimumVisualStudioVersion = 10.0.40219.1
Project("{FAE04EC0-301F-11D3-BF4B-00C04F79EFBC}") = "Validation_IDataErrorInfo", "Validation_IDataErrorInfo\Validation_IDataErrorInfo.csproj", "{439F08A8-152B-4FFC-89F8-40F998542399}"
EndProject
Project("{FAE04EC0-301F-11D3-BF4B-00C04F79EFBC}") = "Validation_ValidationRule", "Validation_ValidationRule\Validation_ValidationRule.csproj", "{A00A2F75-BDED-4C5C-923E-C9E45F9B3AD1}"
EndProject
Project("{FAE04EC0-301F-11D3-BF4B-00C04F79EFBC}") = "Validation_DataAnnotations", "Validation_DataAnnotations\Validation_DataAnnotations.csproj", "{1E272498-2C83-4268-9B5C-24913D73C1A2}"
EndProject
Global
	GlobalSection(SolutionConfigurationPlatforms) = preSolution
		Debug|Any CPU = Debug|Any CPU
		Release|Any CPU = Release|Any CPU
	EndGlobalSection
	GlobalSection(ProjectConfigurationPlatforms) = postSolution
		{439F08A8-152B-4FFC-89F8-40F998542399}.Debug|Any CPU.ActiveCfg = Debug|Any CPU
		{439F08A8-152B-4FFC-89F8-40F998542399}.Debug|Any CPU.Build.0 = Debug|Any CPU
		{439F08A8-152B-4FFC-89F8-40F998542399}.Release|Any CPU.ActiveCfg = Release|Any CPU
		{439F08A8-152B-4FFC-89F8-40F998542399}.Release|Any CPU.Build.0 = Release|Any CPU
		{A00A2F75-BDED-4C5C-923E-C9E45F9B3AD1}.Debug|Any CPU.ActiveCfg = Debug|Any CPU
		{A00A2F75-BDED-4C5C-923E-C9E45F9B3AD1}.Debug|Any CPU.Build.0 = Debug|Any CPU
		{A00A2F75-BDED-4C5C-923E-C9E45F9B3AD1}.Release|Any CPU.ActiveCfg = Release|Any CPU
		{A00A2F75-BDED-4C5C-923E-C9E45F9B3AD1}.Release|Any CPU.Build.0 = Release|Any CPU
		{1E272498-2C83-4268-9B5C-24913D73C1A2}.Debug|Any CPU.ActiveCfg = Debug|Any CPU
		{1E272498-2C83-4268-9B5C-24913D73C1A2}.Debug|Any CPU.Build.0 = Debug|Any CPU
		{1E272498-2C83-4268-9B5C-24913D73C1A2}.Release|Any CPU.ActiveCfg = Release|Any CPU
		{1E272498-2C83-4268-9B5C-24913D73C1A2}.Release|Any CPU.Build.0 = Release|Any CPU
	EndGlobalSection
	GlobalSection(SolutionProperties) = preSolution
		HideSolutionNode = FALSE
	EndGlobalSection
EndGlobal
